{
  "name": "<project-name>",
  "version": "1.0.0",
  "lockfileVersion": 1,
  "requires": true,
  "dependencies": {
    "serverless-plugin-ifelse": {
      "version": "1.0.4",
      "resolved": "https://registry.npmjs.org/serverless-plugin-ifelse/-/serverless-plugin-ifelse-1.0.4.tgz",
      "integrity": "sha512-AunNoVcybUxo06s5t2+3japbxhc6kmu4ZT+IOhynJcK/PC4E24jlw4dyvSc7NSIEBk9aAwTK/IaMxvOBMAqBbw==",
      "dev": true
    }
  }
}
